github.com/OvyFlash/telegram-bot-api v0.0.0-20250903213241-2ddbaeebe9a5 h1:KxVUneacfcaw9rMeOWk2DnKJZYMfI4Mrc2MtdYYP85k=
github.com/OvyFlash/telegram-bot-api v0.0.0-20250903213241-2ddbaeebe9a5/go.mod h1:2nRUdsKyWhvezqW/rBGWEQdcTQeTtnbSNd2dgx76WYA=
github.com/mattn/go-sqlite3 v1.14.32 h1:JD12Ag3oLy1zQA+BNn74xRgaBbdhbNIDYvQUEuuErjs=
github.com/mattn/go-sqlite3 v1.14.32/go.mod h1:Uh1q+B4BYcTPb+yiD3kU8Ct7aC0hY9fxUwlHK0RXw+Y=
